
Microsoft Visual Studio Solution File, Format Version 12.00
# Visual Studio Version 17
VisualStudioVersion = 17.4.33110.190
MinimumVisualStudioVersion = 10.0.40219.1
Project("{9A19103F-16F7-4668-BE54-9A1E7A4F7556}") = "WebApplication1", "WebApplication1\WebApplication1.csproj", "{4C97A665-2340-4FF0-BD1F-8EABF299AED2}"
EndProject
Project("{9A19103F-16F7-4668-BE54-9A1E7A4F7556}") = "构建中间件", "WebApplication2\构建中间件.csproj", "{16D991D7-4D1E-441A-8298-CCB1D4003E00}"
EndProject
Project("{9A19103F-16F7-4668-BE54-9A1E7A4F7556}") = "MVCTest", "MVCTest\MVCTest.csproj", "{C554E787-5609-46E6-B146-8D33FA9F4BA8}"
EndProject
Project("{9A19103F-16F7-4668-BE54-9A1E7A4F7556}") = "WebAPI", "WebAPI\WebAPI.csproj", "{13546BF2-F28A-40F1-95CD-F74077F1CC88}"
EndProject
Project("{9A19103F-16F7-4668-BE54-9A1E7A4F7556}") = "ClassLibrary1", "ClassLibrary1\ClassLibrary1.csproj", "{E03D9701-8863-42B8-9D0E-0400B85FF8BF}"
EndProject
Project("{FAE04EC0-301F-11D3-BF4B-00C04F79EFBC}") = "综合配置集成1", "综合配置集成1\综合配置集成1.csproj", "{8DE810DC-B716-4BB4-9C3A-BE08457F2EB9}"
EndProject
Global
	GlobalSection(SolutionConfigurationPlatforms) = preSolution
		Debug|Any CPU = Debug|Any CPU
		Release|Any CPU = Release|Any CPU
	EndGlobalSection
	GlobalSection(ProjectConfigurationPlatforms) = postSolution
		{4C97A665-2340-4FF0-BD1F-8EABF299AED2}.Debug|Any CPU.ActiveCfg = Debug|Any CPU
		{4C97A665-2340-4FF0-BD1F-8EABF299AED2}.Debug|Any CPU.Build.0 = Debug|Any CPU
		{4C97A665-2340-4FF0-BD1F-8EABF299AED2}.Release|Any CPU.ActiveCfg = Release|Any CPU
		{4C97A665-2340-4FF0-BD1F-8EABF299AED2}.Release|Any CPU.Build.0 = Release|Any CPU
		{16D991D7-4D1E-441A-8298-CCB1D4003E00}.Debug|Any CPU.ActiveCfg = Debug|Any CPU
		{16D991D7-4D1E-441A-8298-CCB1D4003E00}.Debug|Any CPU.Build.0 = Debug|Any CPU
		{16D991D7-4D1E-441A-8298-CCB1D4003E00}.Release|Any CPU.ActiveCfg = Release|Any CPU
		{16D991D7-4D1E-441A-8298-CCB1D4003E00}.Release|Any CPU.Build.0 = Release|Any CPU
		{C554E787-5609-46E6-B146-8D33FA9F4BA8}.Debug|Any CPU.ActiveCfg = Debug|Any CPU
		{C554E787-5609-46E6-B146-8D33FA9F4BA8}.Debug|Any CPU.Build.0 = Debug|Any CPU
		{C554E787-5609-46E6-B146-8D33FA9F4BA8}.Release|Any CPU.ActiveCfg = Release|Any CPU
		{C554E787-5609-46E6-B146-8D33FA9F4BA8}.Release|Any CPU.Build.0 = Release|Any CPU
		{13546BF2-F28A-40F1-95CD-F74077F1CC88}.Debug|Any CPU.ActiveCfg = Debug|Any CPU
		{13546BF2-F28A-40F1-95CD-F74077F1CC88}.Debug|Any CPU.Build.0 = Debug|Any CPU
		{13546BF2-F28A-40F1-95CD-F74077F1CC88}.Release|Any CPU.ActiveCfg = Release|Any CPU
		{13546BF2-F28A-40F1-95CD-F74077F1CC88}.Release|Any CPU.Build.0 = Release|Any CPU
		{E03D9701-8863-42B8-9D0E-0400B85FF8BF}.Debug|Any CPU.ActiveCfg = Debug|Any CPU
		{E03D9701-8863-42B8-9D0E-0400B85FF8BF}.Debug|Any CPU.Build.0 = Debug|Any CPU
		{E03D9701-8863-42B8-9D0E-0400B85FF8BF}.Release|Any CPU.ActiveCfg = Release|Any CPU
		{E03D9701-8863-42B8-9D0E-0400B85FF8BF}.Release|Any CPU.Build.0 = Release|Any CPU
		{8DE810DC-B716-4BB4-9C3A-BE08457F2EB9}.Debug|Any CPU.ActiveCfg = Debug|Any CPU
		{8DE810DC-B716-4BB4-9C3A-BE08457F2EB9}.Debug|Any CPU.Build.0 = Debug|Any CPU
		{8DE810DC-B716-4BB4-9C3A-BE08457F2EB9}.Release|Any CPU.ActiveCfg = Release|Any CPU
		{8DE810DC-B716-4BB4-9C3A-BE08457F2EB9}.Release|Any CPU.Build.0 = Release|Any CPU
	EndGlobalSection
	GlobalSection(SolutionProperties) = preSolution
		HideSolutionNode = FALSE
	EndGlobalSection
	GlobalSection(ExtensibilityGlobals) = postSolution
		SolutionGuid = {8E8C67D0-18F9-4BAE-B3B9-732C1F037418}
	EndGlobalSection
EndGlobal
