
Microsoft Visual Studio Solution File, Format Version 12.00
# Visual Studio Version 17
VisualStudioVersion = 17.4.33110.190
MinimumVisualStudioVersion = 10.0.40219.1
Project("{9A19103F-16F7-4668-BE54-9A1E7A4F7556}") = "ConsoleApp1", "ConsoleApp1\ConsoleApp1\ConsoleApp1.csproj", "{58EB1525-8463-404B-AE94-A3AA8506F030}"
EndProject
Global
	GlobalSection(SolutionConfigurationPlatforms) = preSolution
		Debug|Any CPU = Debug|Any CPU
		Release|Any CPU = Release|Any CPU
	EndGlobalSection
	GlobalSection(ProjectConfigurationPlatforms) = postSolution
		{58EB1525-8463-404B-AE94-A3AA8506F030}.Debug|Any CPU.ActiveCfg = Debug|Any CPU
		{58EB1525-8463-404B-AE94-A3AA8506F030}.Debug|Any CPU.Build.0 = Debug|Any CPU
		{58EB1525-8463-404B-AE94-A3AA8506F030}.Release|Any CPU.ActiveCfg = Release|Any CPU
		{58EB1525-8463-404B-AE94-A3AA8506F030}.Release|Any CPU.Build.0 = Release|Any CPU
	EndGlobalSection
	GlobalSection(SolutionProperties) = preSolution
		HideSolutionNode = FALSE
	EndGlobalSection
	GlobalSection(ExtensibilityGlobals) = postSolution
		SolutionGuid = {76934B81-D3DE-4F85-BED9-37BBACFFD4D7}
	EndGlobalSection
EndGlobal
