
Microsoft Visual Studio Solution File, Format Version 12.00
# Visual Studio Version 17
VisualStudioVersion = 17.4.33110.190
MinimumVisualStudioVersion = 10.0.40219.1
Project("{9A19103F-16F7-4668-BE54-9A1E7A4F7556}") = "UserMgr.WebAPI", "UserMgr.WebAPI\UserMgr.WebAPI.csproj", "{5F80CC37-E9A1-48B3-B1D4-868F885403DE}"
EndProject
Project("{9A19103F-16F7-4668-BE54-9A1E7A4F7556}") = "UserMgr.Domain", "UserMgr.Domain\UserMgr.Domain.csproj", "{78910C7E-9E1F-41FF-9C14-43F55A7DE652}"
EndProject
Project("{9A19103F-16F7-4668-BE54-9A1E7A4F7556}") = "UserMgr.Infrastracture", "UserMgr.Infrastracture\UserMgr.Infrastracture.csproj", "{D6E5DBE0-4E60-4FAC-924D-5333610EF271}"
EndProject
Project("{2150E333-8FDC-42A3-9474-1A3956D46DE8}") = "JWT", "JWT", "{339652A3-2057-47E9-B9A8-F00E71B1747B}"
EndProject
Project("{FAE04EC0-301F-11D3-BF4B-00C04F79EFBC}") = "生成JWT", "生成JWT\生成JWT.csproj", "{3C0DA511-E3BC-40A1-A3AA-6276DA5D7175}"
EndProject
Project("{FAE04EC0-301F-11D3-BF4B-00C04F79EFBC}") = "JWT(读取程序)不效验签名", "JWT解码\JWT(读取程序)不效验签名.csproj", "{B883BE42-C732-487E-A648-298313A8B285}"
EndProject
Project("{FAE04EC0-301F-11D3-BF4B-00C04F79EFBC}") = "JWT读取程序(效验签名)", "JWT读取程序(效验签名)\JWT读取程序(效验签名).csproj", "{FE1815AA-1CC7-4740-9A52-8BC88D308A93}"
EndProject
Global
	GlobalSection(SolutionConfigurationPlatforms) = preSolution
		Debug|Any CPU = Debug|Any CPU
		Release|Any CPU = Release|Any CPU
	EndGlobalSection
	GlobalSection(ProjectConfigurationPlatforms) = postSolution
		{5F80CC37-E9A1-48B3-B1D4-868F885403DE}.Debug|Any CPU.ActiveCfg = Debug|Any CPU
		{5F80CC37-E9A1-48B3-B1D4-868F885403DE}.Debug|Any CPU.Build.0 = Debug|Any CPU
		{5F80CC37-E9A1-48B3-B1D4-868F885403DE}.Release|Any CPU.ActiveCfg = Release|Any CPU
		{5F80CC37-E9A1-48B3-B1D4-868F885403DE}.Release|Any CPU.Build.0 = Release|Any CPU
		{78910C7E-9E1F-41FF-9C14-43F55A7DE652}.Debug|Any CPU.ActiveCfg = Debug|Any CPU
		{78910C7E-9E1F-41FF-9C14-43F55A7DE652}.Debug|Any CPU.Build.0 = Debug|Any CPU
		{78910C7E-9E1F-41FF-9C14-43F55A7DE652}.Release|Any CPU.ActiveCfg = Release|Any CPU
		{78910C7E-9E1F-41FF-9C14-43F55A7DE652}.Release|Any CPU.Build.0 = Release|Any CPU
		{D6E5DBE0-4E60-4FAC-924D-5333610EF271}.Debug|Any CPU.ActiveCfg = Debug|Any CPU
		{D6E5DBE0-4E60-4FAC-924D-5333610EF271}.Debug|Any CPU.Build.0 = Debug|Any CPU
		{D6E5DBE0-4E60-4FAC-924D-5333610EF271}.Release|Any CPU.ActiveCfg = Release|Any CPU
		{D6E5DBE0-4E60-4FAC-924D-5333610EF271}.Release|Any CPU.Build.0 = Release|Any CPU
		{3C0DA511-E3BC-40A1-A3AA-6276DA5D7175}.Debug|Any CPU.ActiveCfg = Debug|Any CPU
		{3C0DA511-E3BC-40A1-A3AA-6276DA5D7175}.Debug|Any CPU.Build.0 = Debug|Any CPU
		{3C0DA511-E3BC-40A1-A3AA-6276DA5D7175}.Release|Any CPU.ActiveCfg = Release|Any CPU
		{3C0DA511-E3BC-40A1-A3AA-6276DA5D7175}.Release|Any CPU.Build.0 = Release|Any CPU
		{B883BE42-C732-487E-A648-298313A8B285}.Debug|Any CPU.ActiveCfg = Debug|Any CPU
		{B883BE42-C732-487E-A648-298313A8B285}.Debug|Any CPU.Build.0 = Debug|Any CPU
		{B883BE42-C732-487E-A648-298313A8B285}.Release|Any CPU.ActiveCfg = Release|Any CPU
		{B883BE42-C732-487E-A648-298313A8B285}.Release|Any CPU.Build.0 = Release|Any CPU
		{FE1815AA-1CC7-4740-9A52-8BC88D308A93}.Debug|Any CPU.ActiveCfg = Debug|Any CPU
		{FE1815AA-1CC7-4740-9A52-8BC88D308A93}.Debug|Any CPU.Build.0 = Debug|Any CPU
		{FE1815AA-1CC7-4740-9A52-8BC88D308A93}.Release|Any CPU.ActiveCfg = Release|Any CPU
		{FE1815AA-1CC7-4740-9A52-8BC88D308A93}.Release|Any CPU.Build.0 = Release|Any CPU
	EndGlobalSection
	GlobalSection(SolutionProperties) = preSolution
		HideSolutionNode = FALSE
	EndGlobalSection
	GlobalSection(NestedProjects) = preSolution
		{3C0DA511-E3BC-40A1-A3AA-6276DA5D7175} = {339652A3-2057-47E9-B9A8-F00E71B1747B}
		{B883BE42-C732-487E-A648-298313A8B285} = {339652A3-2057-47E9-B9A8-F00E71B1747B}
		{FE1815AA-1CC7-4740-9A52-8BC88D308A93} = {339652A3-2057-47E9-B9A8-F00E71B1747B}
	EndGlobalSection
	GlobalSection(ExtensibilityGlobals) = postSolution
		SolutionGuid = {6D32E241-C865-4AF0-88CB-06C129FD2CA7}
	EndGlobalSection
EndGlobal
