
Microsoft Visual Studio Solution File, Format Version 12.00
# Visual Studio Version 16
VisualStudioVersion = 16.0.31205.134
MinimumVisualStudioVersion = 10.0.40219.1
Project("{FAE04EC0-301F-11D3-BF4B-00C04F79EFBC}") = "PackagingRelease_Test", "PackagingRelease_Test\PackagingRelease_Test.csproj", "{40BF7170-AEB8-40CF-9C26-314DA3C1A92D}"
EndProject
Global
	GlobalSection(SolutionConfigurationPlatforms) = preSolution
		Debug|Any CPU = Debug|Any CPU
		Release|Any CPU = Release|Any CPU
	EndGlobalSection
	GlobalSection(ProjectConfigurationPlatforms) = postSolution
		{40BF7170-AEB8-40CF-9C26-314DA3C1A92D}.Debug|Any CPU.ActiveCfg = Debug|Any CPU
		{40BF7170-AEB8-40CF-9C26-314DA3C1A92D}.Debug|Any CPU.Build.0 = Debug|Any CPU
		{40BF7170-AEB8-40CF-9C26-314DA3C1A92D}.Release|Any CPU.ActiveCfg = Release|Any CPU
		{40BF7170-AEB8-40CF-9C26-314DA3C1A92D}.Release|Any CPU.Build.0 = Release|Any CPU
	EndGlobalSection
	GlobalSection(SolutionProperties) = preSolution
		HideSolutionNode = FALSE
	EndGlobalSection
	GlobalSection(ExtensibilityGlobals) = postSolution
		SolutionGuid = {F2C32B38-EE23-498E-AF38-74B3C7C52339}
	EndGlobalSection
EndGlobal
