
Microsoft Visual Studio Solution File, Format Version 12.00
# Visual Studio Version 16
VisualStudioVersion = 16.0.31205.134
MinimumVisualStudioVersion = 10.0.40219.1
Project("{FAE04EC0-301F-11D3-BF4B-00C04F79EFBC}") = "UpdatePackgeWebApi_Test", "UpdatePackgeWebApi_Test\UpdatePackgeWebApi_Test.csproj", "{43EED7E6-BE2D-46B2-A231-1F75776D6E01}"
EndProject
Global
	GlobalSection(SolutionConfigurationPlatforms) = preSolution
		Debug|Any CPU = Debug|Any CPU
		Release|Any CPU = Release|Any CPU
	EndGlobalSection
	GlobalSection(ProjectConfigurationPlatforms) = postSolution
		{43EED7E6-BE2D-46B2-A231-1F75776D6E01}.Debug|Any CPU.ActiveCfg = Debug|Any CPU
		{43EED7E6-BE2D-46B2-A231-1F75776D6E01}.Debug|Any CPU.Build.0 = Debug|Any CPU
		{43EED7E6-BE2D-46B2-A231-1F75776D6E01}.Release|Any CPU.ActiveCfg = Release|Any CPU
		{43EED7E6-BE2D-46B2-A231-1F75776D6E01}.Release|Any CPU.Build.0 = Release|Any CPU
	EndGlobalSection
	GlobalSection(SolutionProperties) = preSolution
		HideSolutionNode = FALSE
	EndGlobalSection
	GlobalSection(ExtensibilityGlobals) = postSolution
		SolutionGuid = {6777BCAD-553D-4D05-A115-0EBAC56D7317}
	EndGlobalSection
EndGlobal
