
Microsoft Visual Studio Solution File, Format Version 12.00
# Visual Studio Version 17
VisualStudioVersion = 17.4.33110.190
MinimumVisualStudioVersion = 10.0.40219.1
Project("{9A19103F-16F7-4668-BE54-9A1E7A4F7556}") = "awaitasync1", "awaitasync1\awaitasync1.csproj", "{1A3BD635-30B7-40E6-A4CE-9E1B216BE0C9}"
EndProject
Project("{9A19103F-16F7-4668-BE54-9A1E7A4F7556}") = "async1", "async1\async1.csproj", "{A6EAC25F-CEAB-4E14-BC5A-D443FC53CE08}"
EndProject
Project("{2150E333-8FDC-42A3-9474-1A3956D46DE8}") = "AsyncDemo", "AsyncDemo", "{D22DC761-2AF1-4BF9-9A74-DA79AD89A237}"
EndProject
Project("{9A19103F-16F7-4668-BE54-9A1E7A4F7556}") = "AsnycAwait原理1", "AsnycAwait原理1\AsnycAwait原理1.csproj", "{92AD73FF-19A4-4053-B160-06E5C8A5C4FC}"
EndProject
Project("{9A19103F-16F7-4668-BE54-9A1E7A4F7556}") = "线程切换1", "线程切换1\线程切换1.csproj", "{3E8C2DA5-6E3E-4F8F-BD2A-B134868F08E3}"
EndProject
Project("{9A19103F-16F7-4668-BE54-9A1E7A4F7556}") = "没有async的异步方法", "没有async的异步方法\没有async的异步方法.csproj", "{624BC86A-47DF-42CD-8AE1-60A2E7FBCFD1}"
EndProject
Project("{2150E333-8FDC-42A3-9474-1A3956D46DE8}") = "WindowsTest", "WindowsTest", "{C17D33E9-AD02-467D-86F4-B3D941E4ABEC}"
EndProject
Project("{9A19103F-16F7-4668-BE54-9A1E7A4F7556}") = "WinFormsApp1", "WinFormsApp1\WinFormsApp1.csproj", "{5AABABD4-8C28-460C-AD45-517D7567C814}"
EndProject
Project("{9A19103F-16F7-4668-BE54-9A1E7A4F7556}") = "取消请求1", "取消1\取消请求1.csproj", "{E4CA27A7-B9BF-4814-83DD-0F18E0D8CAE3}"
EndProject
Project("{2150E333-8FDC-42A3-9474-1A3956D46DE8}") = "Web", "Web", "{0C8C81B9-2297-4104-8DFE-496BF718B1DE}"
EndProject
Project("{FAE04EC0-301F-11D3-BF4B-00C04F79EFBC}") = "aspnetcorecancel1", "aspnetcorecancel1\aspnetcorecancel1.csproj", "{3925EE2D-DC77-48FF-B786-928E14A1239B}"
EndProject
Project("{9A19103F-16F7-4668-BE54-9A1E7A4F7556}") = "aspnetcorecancelMVC1P19", "aspnetcorecancelMVC1\aspnetcorecancelMVC1P19.csproj", "{7911E580-5B8A-46AB-8541-F53C84C76300}"
EndProject
Project("{9A19103F-16F7-4668-BE54-9A1E7A4F7556}") = "WhenAllP20", "WhenAllP20\WhenAllP20.csproj", "{39968829-7A69-4C2B-917A-79EC1B2426BF}"
EndProject
Project("{9A19103F-16F7-4668-BE54-9A1E7A4F7556}") = "委托P22", "委托P22\委托P22.csproj", "{C99C711D-84C2-4DB7-BBF1-AF409B2DB105}"
EndProject
Project("{9A19103F-16F7-4668-BE54-9A1E7A4F7556}") = "匿名方法P23", "匿名方法\匿名方法P23.csproj", "{D976472C-4C58-4160-9552-9F8AF2EC187B}"
EndProject
Project("{9A19103F-16F7-4668-BE54-9A1E7A4F7556}") = "linq1", "linq1\linq1.csproj", "{CA6CEE8A-F094-44E3-BDC2-85CF26A0B100}"
EndProject
Project("{FAE04EC0-301F-11D3-BF4B-00C04F79EFBC}") = "Linq扩展方法1", "Linq扩展方法1\Linq扩展方法1.csproj", "{514C7E29-3A51-458B-8D2C-00AC533784CC}"
EndProject
Project("{FAE04EC0-301F-11D3-BF4B-00C04F79EFBC}") = "IOC1", "IOC1\IOC1.csproj", "{2858B596-73C9-4D1C-ACC3-AA1A77C54D3F}"
EndProject
Project("{FAE04EC0-301F-11D3-BF4B-00C04F79EFBC}") = "ICO1NEWMAIN", "ICO1NEWMAIN\ICO1NEWMAIN.csproj", "{A0CFC74B-0291-46D2-94FE-ABC8A899BA21}"
EndProject
Project("{FAE04EC0-301F-11D3-BF4B-00C04F79EFBC}") = "DI会传染", "DI会传染\DI会传染.csproj", "{21E5C1B7-C8DA-479A-8E3B-42A16CF389D0}"
EndProject
Project("{FAE04EC0-301F-11D3-BF4B-00C04F79EFBC}") = "ConsoleApp1EmailSender", "ConsoleApp1EmailSender\ConsoleApp1EmailSender.csproj", "{FB2B94EA-84D2-4DE5-B9E2-D050E036F55C}"
EndProject
Project("{FAE04EC0-301F-11D3-BF4B-00C04F79EFBC}") = "LogServices", "LogServices\LogServices.csproj", "{F1B36E5D-3ECF-4300-B3F9-CBC89AE74D1D}"
EndProject
Project("{FAE04EC0-301F-11D3-BF4B-00C04F79EFBC}") = "MailServices", "MailServices\MailServices.csproj", "{48BCF3A2-24B6-4856-A4A8-6DDD1B767783}"
EndProject
Project("{FAE04EC0-301F-11D3-BF4B-00C04F79EFBC}") = "ConfigServices", "ConfigServices\ConfigServices.csproj", "{297221A4-F395-41AD-9BF6-801BA0D1B323}"
EndProject
Global
	GlobalSection(SolutionConfigurationPlatforms) = preSolution
		Debug|Any CPU = Debug|Any CPU
		Release|Any CPU = Release|Any CPU
	EndGlobalSection
	GlobalSection(ProjectConfigurationPlatforms) = postSolution
		{1A3BD635-30B7-40E6-A4CE-9E1B216BE0C9}.Debug|Any CPU.ActiveCfg = Debug|Any CPU
		{1A3BD635-30B7-40E6-A4CE-9E1B216BE0C9}.Debug|Any CPU.Build.0 = Debug|Any CPU
		{1A3BD635-30B7-40E6-A4CE-9E1B216BE0C9}.Release|Any CPU.ActiveCfg = Release|Any CPU
		{1A3BD635-30B7-40E6-A4CE-9E1B216BE0C9}.Release|Any CPU.Build.0 = Release|Any CPU
		{A6EAC25F-CEAB-4E14-BC5A-D443FC53CE08}.Debug|Any CPU.ActiveCfg = Debug|Any CPU
		{A6EAC25F-CEAB-4E14-BC5A-D443FC53CE08}.Debug|Any CPU.Build.0 = Debug|Any CPU
		{A6EAC25F-CEAB-4E14-BC5A-D443FC53CE08}.Release|Any CPU.ActiveCfg = Release|Any CPU
		{A6EAC25F-CEAB-4E14-BC5A-D443FC53CE08}.Release|Any CPU.Build.0 = Release|Any CPU
		{92AD73FF-19A4-4053-B160-06E5C8A5C4FC}.Debug|Any CPU.ActiveCfg = Debug|Any CPU
		{92AD73FF-19A4-4053-B160-06E5C8A5C4FC}.Debug|Any CPU.Build.0 = Debug|Any CPU
		{92AD73FF-19A4-4053-B160-06E5C8A5C4FC}.Release|Any CPU.ActiveCfg = Release|Any CPU
		{92AD73FF-19A4-4053-B160-06E5C8A5C4FC}.Release|Any CPU.Build.0 = Release|Any CPU
		{3E8C2DA5-6E3E-4F8F-BD2A-B134868F08E3}.Debug|Any CPU.ActiveCfg = Debug|Any CPU
		{3E8C2DA5-6E3E-4F8F-BD2A-B134868F08E3}.Debug|Any CPU.Build.0 = Debug|Any CPU
		{3E8C2DA5-6E3E-4F8F-BD2A-B134868F08E3}.Release|Any CPU.ActiveCfg = Release|Any CPU
		{3E8C2DA5-6E3E-4F8F-BD2A-B134868F08E3}.Release|Any CPU.Build.0 = Release|Any CPU
		{624BC86A-47DF-42CD-8AE1-60A2E7FBCFD1}.Debug|Any CPU.ActiveCfg = Debug|Any CPU
		{624BC86A-47DF-42CD-8AE1-60A2E7FBCFD1}.Debug|Any CPU.Build.0 = Debug|Any CPU
		{624BC86A-47DF-42CD-8AE1-60A2E7FBCFD1}.Release|Any CPU.ActiveCfg = Release|Any CPU
		{624BC86A-47DF-42CD-8AE1-60A2E7FBCFD1}.Release|Any CPU.Build.0 = Release|Any CPU
		{5AABABD4-8C28-460C-AD45-517D7567C814}.Debug|Any CPU.ActiveCfg = Debug|Any CPU
		{5AABABD4-8C28-460C-AD45-517D7567C814}.Debug|Any CPU.Build.0 = Debug|Any CPU
		{5AABABD4-8C28-460C-AD45-517D7567C814}.Release|Any CPU.ActiveCfg = Release|Any CPU
		{5AABABD4-8C28-460C-AD45-517D7567C814}.Release|Any CPU.Build.0 = Release|Any CPU
		{E4CA27A7-B9BF-4814-83DD-0F18E0D8CAE3}.Debug|Any CPU.ActiveCfg = Debug|Any CPU
		{E4CA27A7-B9BF-4814-83DD-0F18E0D8CAE3}.Debug|Any CPU.Build.0 = Debug|Any CPU
		{E4CA27A7-B9BF-4814-83DD-0F18E0D8CAE3}.Release|Any CPU.ActiveCfg = Release|Any CPU
		{E4CA27A7-B9BF-4814-83DD-0F18E0D8CAE3}.Release|Any CPU.Build.0 = Release|Any CPU
		{3925EE2D-DC77-48FF-B786-928E14A1239B}.Debug|Any CPU.ActiveCfg = Debug|Any CPU
		{3925EE2D-DC77-48FF-B786-928E14A1239B}.Debug|Any CPU.Build.0 = Debug|Any CPU
		{3925EE2D-DC77-48FF-B786-928E14A1239B}.Release|Any CPU.ActiveCfg = Release|Any CPU
		{3925EE2D-DC77-48FF-B786-928E14A1239B}.Release|Any CPU.Build.0 = Release|Any CPU
		{7911E580-5B8A-46AB-8541-F53C84C76300}.Debug|Any CPU.ActiveCfg = Debug|Any CPU
		{7911E580-5B8A-46AB-8541-F53C84C76300}.Debug|Any CPU.Build.0 = Debug|Any CPU
		{7911E580-5B8A-46AB-8541-F53C84C76300}.Release|Any CPU.ActiveCfg = Release|Any CPU
		{7911E580-5B8A-46AB-8541-F53C84C76300}.Release|Any CPU.Build.0 = Release|Any CPU
		{39968829-7A69-4C2B-917A-79EC1B2426BF}.Debug|Any CPU.ActiveCfg = Debug|Any CPU
		{39968829-7A69-4C2B-917A-79EC1B2426BF}.Debug|Any CPU.Build.0 = Debug|Any CPU
		{39968829-7A69-4C2B-917A-79EC1B2426BF}.Release|Any CPU.ActiveCfg = Release|Any CPU
		{39968829-7A69-4C2B-917A-79EC1B2426BF}.Release|Any CPU.Build.0 = Release|Any CPU
		{C99C711D-84C2-4DB7-BBF1-AF409B2DB105}.Debug|Any CPU.ActiveCfg = Debug|Any CPU
		{C99C711D-84C2-4DB7-BBF1-AF409B2DB105}.Debug|Any CPU.Build.0 = Debug|Any CPU
		{C99C711D-84C2-4DB7-BBF1-AF409B2DB105}.Release|Any CPU.ActiveCfg = Release|Any CPU
		{C99C711D-84C2-4DB7-BBF1-AF409B2DB105}.Release|Any CPU.Build.0 = Release|Any CPU
		{D976472C-4C58-4160-9552-9F8AF2EC187B}.Debug|Any CPU.ActiveCfg = Debug|Any CPU
		{D976472C-4C58-4160-9552-9F8AF2EC187B}.Debug|Any CPU.Build.0 = Debug|Any CPU
		{D976472C-4C58-4160-9552-9F8AF2EC187B}.Release|Any CPU.ActiveCfg = Release|Any CPU
		{D976472C-4C58-4160-9552-9F8AF2EC187B}.Release|Any CPU.Build.0 = Release|Any CPU
		{CA6CEE8A-F094-44E3-BDC2-85CF26A0B100}.Debug|Any CPU.ActiveCfg = Debug|Any CPU
		{CA6CEE8A-F094-44E3-BDC2-85CF26A0B100}.Debug|Any CPU.Build.0 = Debug|Any CPU
		{CA6CEE8A-F094-44E3-BDC2-85CF26A0B100}.Release|Any CPU.ActiveCfg = Release|Any CPU
		{CA6CEE8A-F094-44E3-BDC2-85CF26A0B100}.Release|Any CPU.Build.0 = Release|Any CPU
		{514C7E29-3A51-458B-8D2C-00AC533784CC}.Debug|Any CPU.ActiveCfg = Debug|Any CPU
		{514C7E29-3A51-458B-8D2C-00AC533784CC}.Debug|Any CPU.Build.0 = Debug|Any CPU
		{514C7E29-3A51-458B-8D2C-00AC533784CC}.Release|Any CPU.ActiveCfg = Release|Any CPU
		{514C7E29-3A51-458B-8D2C-00AC533784CC}.Release|Any CPU.Build.0 = Release|Any CPU
		{2858B596-73C9-4D1C-ACC3-AA1A77C54D3F}.Debug|Any CPU.ActiveCfg = Debug|Any CPU
		{2858B596-73C9-4D1C-ACC3-AA1A77C54D3F}.Debug|Any CPU.Build.0 = Debug|Any CPU
		{2858B596-73C9-4D1C-ACC3-AA1A77C54D3F}.Release|Any CPU.ActiveCfg = Release|Any CPU
		{2858B596-73C9-4D1C-ACC3-AA1A77C54D3F}.Release|Any CPU.Build.0 = Release|Any CPU
		{A0CFC74B-0291-46D2-94FE-ABC8A899BA21}.Debug|Any CPU.ActiveCfg = Debug|Any CPU
		{A0CFC74B-0291-46D2-94FE-ABC8A899BA21}.Debug|Any CPU.Build.0 = Debug|Any CPU
		{A0CFC74B-0291-46D2-94FE-ABC8A899BA21}.Release|Any CPU.ActiveCfg = Release|Any CPU
		{A0CFC74B-0291-46D2-94FE-ABC8A899BA21}.Release|Any CPU.Build.0 = Release|Any CPU
		{21E5C1B7-C8DA-479A-8E3B-42A16CF389D0}.Debug|Any CPU.ActiveCfg = Debug|Any CPU
		{21E5C1B7-C8DA-479A-8E3B-42A16CF389D0}.Debug|Any CPU.Build.0 = Debug|Any CPU
		{21E5C1B7-C8DA-479A-8E3B-42A16CF389D0}.Release|Any CPU.ActiveCfg = Release|Any CPU
		{21E5C1B7-C8DA-479A-8E3B-42A16CF389D0}.Release|Any CPU.Build.0 = Release|Any CPU
		{FB2B94EA-84D2-4DE5-B9E2-D050E036F55C}.Debug|Any CPU.ActiveCfg = Debug|Any CPU
		{FB2B94EA-84D2-4DE5-B9E2-D050E036F55C}.Debug|Any CPU.Build.0 = Debug|Any CPU
		{FB2B94EA-84D2-4DE5-B9E2-D050E036F55C}.Release|Any CPU.ActiveCfg = Release|Any CPU
		{FB2B94EA-84D2-4DE5-B9E2-D050E036F55C}.Release|Any CPU.Build.0 = Release|Any CPU
		{F1B36E5D-3ECF-4300-B3F9-CBC89AE74D1D}.Debug|Any CPU.ActiveCfg = Debug|Any CPU
		{F1B36E5D-3ECF-4300-B3F9-CBC89AE74D1D}.Debug|Any CPU.Build.0 = Debug|Any CPU
		{F1B36E5D-3ECF-4300-B3F9-CBC89AE74D1D}.Release|Any CPU.ActiveCfg = Release|Any CPU
		{F1B36E5D-3ECF-4300-B3F9-CBC89AE74D1D}.Release|Any CPU.Build.0 = Release|Any CPU
		{48BCF3A2-24B6-4856-A4A8-6DDD1B767783}.Debug|Any CPU.ActiveCfg = Debug|Any CPU
		{48BCF3A2-24B6-4856-A4A8-6DDD1B767783}.Debug|Any CPU.Build.0 = Debug|Any CPU
		{48BCF3A2-24B6-4856-A4A8-6DDD1B767783}.Release|Any CPU.ActiveCfg = Release|Any CPU
		{48BCF3A2-24B6-4856-A4A8-6DDD1B767783}.Release|Any CPU.Build.0 = Release|Any CPU
		{297221A4-F395-41AD-9BF6-801BA0D1B323}.Debug|Any CPU.ActiveCfg = Debug|Any CPU
		{297221A4-F395-41AD-9BF6-801BA0D1B323}.Debug|Any CPU.Build.0 = Debug|Any CPU
		{297221A4-F395-41AD-9BF6-801BA0D1B323}.Release|Any CPU.ActiveCfg = Release|Any CPU
		{297221A4-F395-41AD-9BF6-801BA0D1B323}.Release|Any CPU.Build.0 = Release|Any CPU
	EndGlobalSection
	GlobalSection(SolutionProperties) = preSolution
		HideSolutionNode = FALSE
	EndGlobalSection
	GlobalSection(NestedProjects) = preSolution
		{1A3BD635-30B7-40E6-A4CE-9E1B216BE0C9} = {D22DC761-2AF1-4BF9-9A74-DA79AD89A237}
		{A6EAC25F-CEAB-4E14-BC5A-D443FC53CE08} = {D22DC761-2AF1-4BF9-9A74-DA79AD89A237}
		{92AD73FF-19A4-4053-B160-06E5C8A5C4FC} = {D22DC761-2AF1-4BF9-9A74-DA79AD89A237}
		{3E8C2DA5-6E3E-4F8F-BD2A-B134868F08E3} = {D22DC761-2AF1-4BF9-9A74-DA79AD89A237}
		{624BC86A-47DF-42CD-8AE1-60A2E7FBCFD1} = {D22DC761-2AF1-4BF9-9A74-DA79AD89A237}
		{5AABABD4-8C28-460C-AD45-517D7567C814} = {C17D33E9-AD02-467D-86F4-B3D941E4ABEC}
		{E4CA27A7-B9BF-4814-83DD-0F18E0D8CAE3} = {D22DC761-2AF1-4BF9-9A74-DA79AD89A237}
		{3925EE2D-DC77-48FF-B786-928E14A1239B} = {0C8C81B9-2297-4104-8DFE-496BF718B1DE}
		{7911E580-5B8A-46AB-8541-F53C84C76300} = {0C8C81B9-2297-4104-8DFE-496BF718B1DE}
		{39968829-7A69-4C2B-917A-79EC1B2426BF} = {D22DC761-2AF1-4BF9-9A74-DA79AD89A237}
		{C99C711D-84C2-4DB7-BBF1-AF409B2DB105} = {D22DC761-2AF1-4BF9-9A74-DA79AD89A237}
		{D976472C-4C58-4160-9552-9F8AF2EC187B} = {D22DC761-2AF1-4BF9-9A74-DA79AD89A237}
		{CA6CEE8A-F094-44E3-BDC2-85CF26A0B100} = {D22DC761-2AF1-4BF9-9A74-DA79AD89A237}
		{514C7E29-3A51-458B-8D2C-00AC533784CC} = {D22DC761-2AF1-4BF9-9A74-DA79AD89A237}
		{2858B596-73C9-4D1C-ACC3-AA1A77C54D3F} = {D22DC761-2AF1-4BF9-9A74-DA79AD89A237}
		{A0CFC74B-0291-46D2-94FE-ABC8A899BA21} = {D22DC761-2AF1-4BF9-9A74-DA79AD89A237}
		{21E5C1B7-C8DA-479A-8E3B-42A16CF389D0} = {D22DC761-2AF1-4BF9-9A74-DA79AD89A237}
		{FB2B94EA-84D2-4DE5-B9E2-D050E036F55C} = {1367AE20-DCC2-4552-88F5-5CA31DD3260C}
		{F1B36E5D-3ECF-4300-B3F9-CBC89AE74D1D} = {1367AE20-DCC2-4552-88F5-5CA31DD3260C}
		{48BCF3A2-24B6-4856-A4A8-6DDD1B767783} = {1367AE20-DCC2-4552-88F5-5CA31DD3260C}
		{297221A4-F395-41AD-9BF6-801BA0D1B323} = {1367AE20-DCC2-4552-88F5-5CA31DD3260C}
	EndGlobalSection
	GlobalSection(ExtensibilityGlobals) = postSolution
		SolutionGuid = {B0340D3D-D7A5-4CCD-8F1F-645975C0A686}
	EndGlobalSection
EndGlobal
