
Microsoft Visual Studio Solution File, Format Version 12.00
# Visual Studio Version 17
VisualStudioVersion = 17.4.33110.190
MinimumVisualStudioVersion = 10.0.40219.1
Project("{FAE04EC0-301F-11D3-BF4B-00C04F79EFBC}") = "EventWebApi1", "EventWebApi1\EventWebApi1.csproj", "{1BB9CF2E-B328-4F10-863D-9378090E199D}"
EndProject
Project("{2150E333-8FDC-42A3-9474-1A3956D46DE8}") = "ZAckEventBusDemo1", "ZAckEventBusDemo1", "{3B10FED9-9AA2-4A34-83B4-1D9D0524D0F8}"
EndProject
Project("{FAE04EC0-301F-11D3-BF4B-00C04F79EFBC}") = "EventWebApi2", "EventWebApi2\EventWebApi2.csproj", "{51FC7309-0730-4D65-ADB2-976C87ADC2F5}"
EndProject
Global
	GlobalSection(SolutionConfigurationPlatforms) = preSolution
		Debug|Any CPU = Debug|Any CPU
		Release|Any CPU = Release|Any CPU
	EndGlobalSection
	GlobalSection(ProjectConfigurationPlatforms) = postSolution
		{1BB9CF2E-B328-4F10-863D-9378090E199D}.Debug|Any CPU.ActiveCfg = Debug|Any CPU
		{1BB9CF2E-B328-4F10-863D-9378090E199D}.Debug|Any CPU.Build.0 = Debug|Any CPU
		{1BB9CF2E-B328-4F10-863D-9378090E199D}.Release|Any CPU.ActiveCfg = Release|Any CPU
		{1BB9CF2E-B328-4F10-863D-9378090E199D}.Release|Any CPU.Build.0 = Release|Any CPU
		{51FC7309-0730-4D65-ADB2-976C87ADC2F5}.Debug|Any CPU.ActiveCfg = Debug|Any CPU
		{51FC7309-0730-4D65-ADB2-976C87ADC2F5}.Debug|Any CPU.Build.0 = Debug|Any CPU
		{51FC7309-0730-4D65-ADB2-976C87ADC2F5}.Release|Any CPU.ActiveCfg = Release|Any CPU
		{51FC7309-0730-4D65-ADB2-976C87ADC2F5}.Release|Any CPU.Build.0 = Release|Any CPU
	EndGlobalSection
	GlobalSection(SolutionProperties) = preSolution
		HideSolutionNode = FALSE
	EndGlobalSection
	GlobalSection(NestedProjects) = preSolution
		{1BB9CF2E-B328-4F10-863D-9378090E199D} = {3B10FED9-9AA2-4A34-83B4-1D9D0524D0F8}
		{51FC7309-0730-4D65-ADB2-976C87ADC2F5} = {3B10FED9-9AA2-4A34-83B4-1D9D0524D0F8}
	EndGlobalSection
	GlobalSection(ExtensibilityGlobals) = postSolution
		SolutionGuid = {DB1526D7-D261-4FE8-8442-CDD8E390201C}
	EndGlobalSection
EndGlobal
