
Microsoft Visual Studio Solution File, Format Version 12.00
# Visual Studio Version 17
VisualStudioVersion = 17.4.33110.190
MinimumVisualStudioVersion = 10.0.40219.1
Project("{2150E333-8FDC-42A3-9474-1A3956D46DE8}") = "Tests", "Tests", "{888EA3F8-34FA-4FB3-AE69-B1DEC647046C}"
EndProject
Project("{9A19103F-16F7-4668-BE54-9A1E7A4F7556}") = "WPFCustomControl.Modules.ModuleName.Tests", "WPFCustomControl\Tests\WPFCustomControl.Modules.ModuleName.Tests\WPFCustomControl.Modules.ModuleName.Tests.csproj", "{B11033AC-511F-4BF9-8352-19D94C487E83}"
EndProject
Project("{2150E333-8FDC-42A3-9474-1A3956D46DE8}") = "Modules", "Modules", "{800D7B12-3EF3-4147-9EE2-6B63DCC2E1EC}"
EndProject
Project("{9A19103F-16F7-4668-BE54-9A1E7A4F7556}") = "WPFCustomControl.Modules.ModuleName", "WPFCustomControl\Modules\WPFCustomControl.Modules.ModuleName\WPFCustomControl.Modules.ModuleName.csproj", "{663335DC-1402-46DA-8165-55622019CF60}"
EndProject
Project("{2150E333-8FDC-42A3-9474-1A3956D46DE8}") = "Services", "Services", "{7AC70913-C42C-493F-A6AC-9F6E3E1DDD61}"
EndProject
Project("{9A19103F-16F7-4668-BE54-9A1E7A4F7556}") = "WPFCustomControl.Services", "WPFCustomControl\Services\WPFCustomControl.Services\WPFCustomControl.Services.csproj", "{18C8C56A-2721-4A17-A516-572A0374F363}"
EndProject
Project("{9A19103F-16F7-4668-BE54-9A1E7A4F7556}") = "WPFCustomControl.Services.Interfaces", "WPFCustomControl\Services\WPFCustomControl.Services.Interfaces\WPFCustomControl.Services.Interfaces.csproj", "{AD7E9D5C-E824-4DE2-850E-CE3FC596F9AC}"
EndProject
Project("{9A19103F-16F7-4668-BE54-9A1E7A4F7556}") = "WPFCustomControl", "WPFCustomControl\WPFCustomControl\WPFCustomControl.csproj", "{77D52DC7-0EAB-448D-AAF4-291808F01A2F}"
EndProject
Project("{9A19103F-16F7-4668-BE54-9A1E7A4F7556}") = "WPFCustomControl.Core", "WPFCustomControl\WPFCustomControl.Core\WPFCustomControl.Core.csproj", "{11AFC31F-BF29-48D0-AAF2-8E1B00F7E5B6}"
EndProject
Global
	GlobalSection(SolutionConfigurationPlatforms) = preSolution
		Debug|Any CPU = Debug|Any CPU
		Release|Any CPU = Release|Any CPU
	EndGlobalSection
	GlobalSection(ProjectConfigurationPlatforms) = postSolution
		{B11033AC-511F-4BF9-8352-19D94C487E83}.Debug|Any CPU.ActiveCfg = Debug|Any CPU
		{B11033AC-511F-4BF9-8352-19D94C487E83}.Debug|Any CPU.Build.0 = Debug|Any CPU
		{B11033AC-511F-4BF9-8352-19D94C487E83}.Release|Any CPU.ActiveCfg = Release|Any CPU
		{B11033AC-511F-4BF9-8352-19D94C487E83}.Release|Any CPU.Build.0 = Release|Any CPU
		{663335DC-1402-46DA-8165-55622019CF60}.Debug|Any CPU.ActiveCfg = Debug|Any CPU
		{663335DC-1402-46DA-8165-55622019CF60}.Debug|Any CPU.Build.0 = Debug|Any CPU
		{663335DC-1402-46DA-8165-55622019CF60}.Release|Any CPU.ActiveCfg = Release|Any CPU
		{663335DC-1402-46DA-8165-55622019CF60}.Release|Any CPU.Build.0 = Release|Any CPU
		{18C8C56A-2721-4A17-A516-572A0374F363}.Debug|Any CPU.ActiveCfg = Debug|Any CPU
		{18C8C56A-2721-4A17-A516-572A0374F363}.Debug|Any CPU.Build.0 = Debug|Any CPU
		{18C8C56A-2721-4A17-A516-572A0374F363}.Release|Any CPU.ActiveCfg = Release|Any CPU
		{18C8C56A-2721-4A17-A516-572A0374F363}.Release|Any CPU.Build.0 = Release|Any CPU
		{AD7E9D5C-E824-4DE2-850E-CE3FC596F9AC}.Debug|Any CPU.ActiveCfg = Debug|Any CPU
		{AD7E9D5C-E824-4DE2-850E-CE3FC596F9AC}.Debug|Any CPU.Build.0 = Debug|Any CPU
		{AD7E9D5C-E824-4DE2-850E-CE3FC596F9AC}.Release|Any CPU.ActiveCfg = Release|Any CPU
		{AD7E9D5C-E824-4DE2-850E-CE3FC596F9AC}.Release|Any CPU.Build.0 = Release|Any CPU
		{77D52DC7-0EAB-448D-AAF4-291808F01A2F}.Debug|Any CPU.ActiveCfg = Debug|Any CPU
		{77D52DC7-0EAB-448D-AAF4-291808F01A2F}.Debug|Any CPU.Build.0 = Debug|Any CPU
		{77D52DC7-0EAB-448D-AAF4-291808F01A2F}.Release|Any CPU.ActiveCfg = Release|Any CPU
		{77D52DC7-0EAB-448D-AAF4-291808F01A2F}.Release|Any CPU.Build.0 = Release|Any CPU
		{11AFC31F-BF29-48D0-AAF2-8E1B00F7E5B6}.Debug|Any CPU.ActiveCfg = Debug|Any CPU
		{11AFC31F-BF29-48D0-AAF2-8E1B00F7E5B6}.Debug|Any CPU.Build.0 = Debug|Any CPU
		{11AFC31F-BF29-48D0-AAF2-8E1B00F7E5B6}.Release|Any CPU.ActiveCfg = Release|Any CPU
		{11AFC31F-BF29-48D0-AAF2-8E1B00F7E5B6}.Release|Any CPU.Build.0 = Release|Any CPU
	EndGlobalSection
	GlobalSection(SolutionProperties) = preSolution
		HideSolutionNode = FALSE
	EndGlobalSection
	GlobalSection(NestedProjects) = preSolution
		{B11033AC-511F-4BF9-8352-19D94C487E83} = {888EA3F8-34FA-4FB3-AE69-B1DEC647046C}
		{663335DC-1402-46DA-8165-55622019CF60} = {800D7B12-3EF3-4147-9EE2-6B63DCC2E1EC}
		{18C8C56A-2721-4A17-A516-572A0374F363} = {7AC70913-C42C-493F-A6AC-9F6E3E1DDD61}
		{AD7E9D5C-E824-4DE2-850E-CE3FC596F9AC} = {7AC70913-C42C-493F-A6AC-9F6E3E1DDD61}
	EndGlobalSection
	GlobalSection(ExtensibilityGlobals) = postSolution
		SolutionGuid = {DC609C9F-8E82-48F3-A75F-C57949CDDFAC}
	EndGlobalSection
EndGlobal
